
Microsoft Visual Studio Solution File, Format Version 12.00
# Visual Studio Version 17
VisualStudioVersion = 17.9.34723.18
MinimumVisualStudioVersion = 10.0.40219.1
Project("{FAE04EC0-301F-11D3-BF4B-00C04F79EFBC}") = "FicheroVariosF-modificar-insetar-guardar-ej7", "FicheroVariosF-modificar-insetar-guardar-ej7.csproj", "{5A893364-81E9-42DD-BF6C-67F0C16B26F1}"
EndProject
Global
	GlobalSection(SolutionConfigurationPlatforms) = preSolution
		Debug|Any CPU = Debug|Any CPU
		Release|Any CPU = Release|Any CPU
	EndGlobalSection
	GlobalSection(ProjectConfigurationPlatforms) = postSolution
		{5A893364-81E9-42DD-BF6C-67F0C16B26F1}.Debug|Any CPU.ActiveCfg = Debug|Any CPU
		{5A893364-81E9-42DD-BF6C-67F0C16B26F1}.Debug|Any CPU.Build.0 = Debug|Any CPU
		{5A893364-81E9-42DD-BF6C-67F0C16B26F1}.Release|Any CPU.ActiveCfg = Release|Any CPU
		{5A893364-81E9-42DD-BF6C-67F0C16B26F1}.Release|Any CPU.Build.0 = Release|Any CPU
	EndGlobalSection
	GlobalSection(SolutionProperties) = preSolution
		HideSolutionNode = FALSE
	EndGlobalSection
	GlobalSection(ExtensibilityGlobals) = postSolution
		SolutionGuid = {24137BE6-899F-4F5A-8C2E-2B6E6E507734}
	EndGlobalSection
EndGlobal
